
Microsoft Visual Studio Solution File, Format Version 12.00
Project("{FAE04EC0-301F-11D3-BF4B-00C04F79EFBC}") = "HomeAssistant-Tools.DeleteEntities", "HomeAssistant-Tools.DeleteEntities\HomeAssistant-Tools.DeleteEntities.csproj", "{AA9C038D-2FF7-4382-B6A2-EDDA4A385695}"
EndProject
Project("{FAE04EC0-301F-11D3-BF4B-00C04F79EFBC}") = "HomeAssistant-Tools.Core", "HomeAssistant-Tools.Core\HomeAssistant-Tools.Core.csproj", "{C41D8FF8-50E8-4C51-8332-FE1F637D6BB9}"
EndProject
Global
	GlobalSection(SolutionConfigurationPlatforms) = preSolution
		Debug|Any CPU = Debug|Any CPU
		Release|Any CPU = Release|Any CPU
	EndGlobalSection
	GlobalSection(ProjectConfigurationPlatforms) = postSolution
		{AA9C038D-2FF7-4382-B6A2-EDDA4A385695}.Debug|Any CPU.ActiveCfg = Debug|Any CPU
		{AA9C038D-2FF7-4382-B6A2-EDDA4A385695}.Debug|Any CPU.Build.0 = Debug|Any CPU
		{AA9C038D-2FF7-4382-B6A2-EDDA4A385695}.Release|Any CPU.ActiveCfg = Release|Any CPU
		{AA9C038D-2FF7-4382-B6A2-EDDA4A385695}.Release|Any CPU.Build.0 = Release|Any CPU
		{C41D8FF8-50E8-4C51-8332-FE1F637D6BB9}.Debug|Any CPU.ActiveCfg = Debug|Any CPU
		{C41D8FF8-50E8-4C51-8332-FE1F637D6BB9}.Debug|Any CPU.Build.0 = Debug|Any CPU
		{C41D8FF8-50E8-4C51-8332-FE1F637D6BB9}.Release|Any CPU.ActiveCfg = Release|Any CPU
		{C41D8FF8-50E8-4C51-8332-FE1F637D6BB9}.Release|Any CPU.Build.0 = Release|Any CPU
	EndGlobalSection
EndGlobal
